<?xml version="1.0" encoding="utf-8"?>
<Project ToolsVersion="4.0" xmlns="http://schemas.microsoft.com/developer/msbuild/2003">
  <ItemGroup>
    <Filter Include="Source Files">
      <UniqueIdentifier>{b1d58708-3cbb-4159-9426-61acb171137a}</UniqueIdentifier>
      <Extensions>cpp;c;cxx;rc;def;r;odl;idl;hpj;bat</Extensions>
    </Filter>
    <Filter Include="Header Files">
      <UniqueIdentifier>{0635b215-d734-4f5b-a1a5-8058980d1176}</UniqueIdentifier>
      <Extensions>h;hpp;hxx;hm;inl</Extensions>
    </Filter>
    <Filter Include="Resource Files">
      <UniqueIdentifier>{e4321c2f-fa92-4e76-84d1-502cbe986b19}</UniqueIdentifier>
      <Extensions>ico;cur;bmp;dlg;rc2;rct;bin;rgs;gif;jpg;jpeg;jpe</Extensions>
    </Filter>
  </ItemGroup>
  <ItemGroup>
    <ClCompile Include="CAboutDlg.cpp">
      <Filter>Source Files</Filter>
    </ClCompile>
    <ClCompile Include="CArchiveDB.cpp">
      <Filter>Source Files</Filter>
    </ClCompile>
    <ClCompile Include="CBundle.cpp">
      <Filter>Source Files</Filter>
    </ClCompile>
    <ClCompile Include="CBundles.cpp">
      <Filter>Source Files</Filter>
    </ClCompile>
    <ClCompile Include="CComputer.cpp">
      <Filter>Source Files</Filter>
    </ClCompile>
    <ClCompile Include="CCopiesDoc.cpp">
      <Filter>Source Files</Filter>
    </ClCompile>
    <ClCompile Include="CCopiesFrame.cpp">
      <Filter>Source Files</Filter>
    </ClCompile>
    <ClCompile Include="CCopiesView.cpp">
      <Filter>Source Files</Filter>
    </ClCompile>
    <ClCompile Include="CDiskItem.cpp">
      <Filter>Source Files</Filter>
    </ClCompile>
    <ClCompile Include="CDrive.cpp">
      <Filter>Source Files</Filter>
    </ClCompile>
    <ClCompile Include="CFileCompressor.cpp">
      <Filter>Source Files</Filter>
    </ClCompile>
    <ClCompile Include="CFileCopy.cpp">
      <Filter>Source Files</Filter>
    </ClCompile>
    <ClCompile Include="CFileOnDisk.cpp">
      <Filter>Source Files</Filter>
    </ClCompile>
    <ClCompile Include="CFilesCopies.cpp">
      <Filter>Source Files</Filter>
    </ClCompile>
    <ClCompile Include="CFilesOnDisk.cpp">
      <Filter>Source Files</Filter>
    </ClCompile>
    <ClCompile Include="CFilesToArc.cpp">
      <Filter>Source Files</Filter>
    </ClCompile>
    <ClCompile Include="CFilesToArcDoc.cpp">
      <Filter>Source Files</Filter>
    </ClCompile>
    <ClCompile Include="CFilesToArcFrame.cpp">
      <Filter>Source Files</Filter>
    </ClCompile>
    <ClCompile Include="CFilesToArcView.cpp">
      <Filter>Source Files</Filter>
    </ClCompile>
    <ClCompile Include="CFileToArc.cpp">
      <Filter>Source Files</Filter>
    </ClCompile>
    <ClCompile Include="CFileToArcPropertiesDialog.cpp">
      <Filter>Source Files</Filter>
    </ClCompile>
    <ClCompile Include="CFolder.cpp">
      <Filter>Source Files</Filter>
    </ClCompile>
    <ClCompile Include="CFoldersToArc.cpp">
      <Filter>Source Files</Filter>
    </ClCompile>
    <ClCompile Include="CFolderToArc.cpp">
      <Filter>Source Files</Filter>
    </ClCompile>
    <ClCompile Include="CInputStringDialog.cpp">
      <Filter>Source Files</Filter>
    </ClCompile>
    <ClCompile Include="CInsertDiskDlg.cpp">
      <Filter>Source Files</Filter>
    </ClCompile>
    <ClCompile Include="CLocatorExcludedDoc.cpp">
      <Filter>Source Files</Filter>
    </ClCompile>
    <ClCompile Include="CLocatorExcludedFrame.cpp">
      <Filter>Source Files</Filter>
    </ClCompile>
    <ClCompile Include="CLocatorExcludedView.cpp">
      <Filter>Source Files</Filter>
    </ClCompile>
    <ClCompile Include="CLocatorFolder.cpp">
      <Filter>Source Files</Filter>
    </ClCompile>
    <ClCompile Include="CLogDoc.cpp">
      <Filter>Source Files</Filter>
    </ClCompile>
    <ClCompile Include="CLogFile.cpp">
      <Filter>Source Files</Filter>
    </ClCompile>
    <ClCompile Include="CLogFrame.cpp">
      <Filter>Source Files</Filter>
    </ClCompile>
    <ClCompile Include="CLogView.cpp">
      <Filter>Source Files</Filter>
    </ClCompile>
    <ClCompile Include="CMyArchive.cpp">
      <Filter>Source Files</Filter>
    </ClCompile>
    <ClCompile Include="CMyListView.cpp">
      <Filter>Source Files</Filter>
    </ClCompile>
    <ClCompile Include="CNag.cpp">
      <Filter>Source Files</Filter>
    </ClCompile>
    <ClCompile Include="CNewFilesLocator.cpp">
      <Filter>Source Files</Filter>
    </ClCompile>
    <ClCompile Include="CNewFilesLocatorDlg.cpp">
      <Filter>Source Files</Filter>
    </ClCompile>
    <ClCompile Include="CNewFilesLocatorDoc.cpp">
      <Filter>Source Files</Filter>
    </ClCompile>
    <ClCompile Include="CNewFilesLocatorFrame.cpp">
      <Filter>Source Files</Filter>
    </ClCompile>
    <ClCompile Include="CNewFilesLocatorView.cpp">
      <Filter>Source Files</Filter>
    </ClCompile>
    <ClCompile Include="COptionsDialog.cpp">
      <Filter>Source Files</Filter>
    </ClCompile>
    <ClCompile Include="CProgressDialog.cpp">
      <Filter>Source Files</Filter>
    </ClCompile>
    <ClCompile Include="CRegisterDlg.cpp">
      <Filter>Source Files</Filter>
    </ClCompile>
    <ClCompile Include="CRoom.cpp">
      <Filter>Source Files</Filter>
    </ClCompile>
    <ClCompile Include="CRoomLabel.cpp">
      <Filter>Source Files</Filter>
    </ClCompile>
    <ClCompile Include="CRoomPropDialog.cpp">
      <Filter>Source Files</Filter>
    </ClCompile>
    <ClCompile Include="CRooms.cpp">
      <Filter>Source Files</Filter>
    </ClCompile>
    <ClCompile Include="CRoomsDoc.cpp">
      <Filter>Source Files</Filter>
    </ClCompile>
    <ClCompile Include="CRoomsFrame.cpp">
      <Filter>Source Files</Filter>
    </ClCompile>
    <ClCompile Include="CRoomsView.cpp">
      <Filter>Source Files</Filter>
    </ClCompile>
    <ClCompile Include="CTipDlg.cpp">
      <Filter>Source Files</Filter>
    </ClCompile>
    <ClCompile Include="CZipBundle.cpp">
      <Filter>Source Files</Filter>
    </ClCompile>
    <ClCompile Include="LeftView.cpp">
      <Filter>Source Files</Filter>
    </ClCompile>
    <ClCompile Include="MainFrm.cpp">
      <Filter>Source Files</Filter>
    </ClCompile>
    <ClCompile Include="MArc2.cpp">
      <Filter>Source Files</Filter>
    </ClCompile>
    <ClCompile Include="Miscelaneous.cpp">
      <Filter>Source Files</Filter>
    </ClCompile>
    <ClCompile Include="StdAfx.cpp">
      <Filter>Source Files</Filter>
    </ClCompile>
  </ItemGroup>
  <ItemGroup>
    <ResourceCompile Include="MArc2.rc">
      <Filter>Source Files</Filter>
    </ResourceCompile>
  </ItemGroup>
  <ItemGroup>
    <ClInclude Include="bundleType.h">
      <Filter>Header Files</Filter>
    </ClInclude>
    <ClInclude Include="CAboutDlg.h">
      <Filter>Header Files</Filter>
    </ClInclude>
    <ClInclude Include="CArchiveDB.h">
      <Filter>Header Files</Filter>
    </ClInclude>
    <ClInclude Include="CBundle.h">
      <Filter>Header Files</Filter>
    </ClInclude>
    <ClInclude Include="CBundles.h">
      <Filter>Header Files</Filter>
    </ClInclude>
    <ClInclude Include="CComputer.h">
      <Filter>Header Files</Filter>
    </ClInclude>
    <ClInclude Include="CCopiesDoc.h">
      <Filter>Header Files</Filter>
    </ClInclude>
    <ClInclude Include="CCopiesFrame.h">
      <Filter>Header Files</Filter>
    </ClInclude>
    <ClInclude Include="CCopiesView.h">
      <Filter>Header Files</Filter>
    </ClInclude>
    <ClInclude Include="CDiskItem.h">
      <Filter>Header Files</Filter>
    </ClInclude>
    <ClInclude Include="CDrive.h">
      <Filter>Header Files</Filter>
    </ClInclude>
    <ClInclude Include="CFileCompressor.h">
      <Filter>Header Files</Filter>
    </ClInclude>
    <ClInclude Include="CFileCopy.h">
      <Filter>Header Files</Filter>
    </ClInclude>
    <ClInclude Include="CFileOnDisk.h">
      <Filter>Header Files</Filter>
    </ClInclude>
    <ClInclude Include="CFilesCopies.h">
      <Filter>Header Files</Filter>
    </ClInclude>
    <ClInclude Include="CFilesOnDisk.h">
      <Filter>Header Files</Filter>
    </ClInclude>
    <ClInclude Include="CFilesToArc.h">
      <Filter>Header Files</Filter>
    </ClInclude>
    <ClInclude Include="CFilesToArcDoc.h">
      <Filter>Header Files</Filter>
    </ClInclude>
    <ClInclude Include="CFilesToArcFrame.h">
      <Filter>Header Files</Filter>
    </ClInclude>
    <ClInclude Include="CFilesToArcView.h">
      <Filter>Header Files</Filter>
    </ClInclude>
    <ClInclude Include="CFileToArc.h">
      <Filter>Header Files</Filter>
    </ClInclude>
    <ClInclude Include="CFileToArcPropertiesDialog.h">
      <Filter>Header Files</Filter>
    </ClInclude>
    <ClInclude Include="CFolder.h">
      <Filter>Header Files</Filter>
    </ClInclude>
    <ClInclude Include="CFoldersToArc.h">
      <Filter>Header Files</Filter>
    </ClInclude>
    <ClInclude Include="CFolderToArc.h">
      <Filter>Header Files</Filter>
    </ClInclude>
    <ClInclude Include="CInputStringDialog.h">
      <Filter>Header Files</Filter>
    </ClInclude>
    <ClInclude Include="CInsertDiskDlg.h">
      <Filter>Header Files</Filter>
    </ClInclude>
    <ClInclude Include="CLocatorExcludedDoc.h">
      <Filter>Header Files</Filter>
    </ClInclude>
    <ClInclude Include="CLocatorExcludedFrame.h">
      <Filter>Header Files</Filter>
    </ClInclude>
    <ClInclude Include="CLocatorExcludedView.h">
      <Filter>Header Files</Filter>
    </ClInclude>
    <ClInclude Include="CLocatorFolder.h">
      <Filter>Header Files</Filter>
    </ClInclude>
    <ClInclude Include="CLogDoc.h">
      <Filter>Header Files</Filter>
    </ClInclude>
    <ClInclude Include="CLogFile.h">
      <Filter>Header Files</Filter>
    </ClInclude>
    <ClInclude Include="CLogFrame.h">
      <Filter>Header Files</Filter>
    </ClInclude>
    <ClInclude Include="CLogView.h">
      <Filter>Header Files</Filter>
    </ClInclude>
    <ClInclude Include="CMyArchive.h">
      <Filter>Header Files</Filter>
    </ClInclude>
    <ClInclude Include="CMyListView.h">
      <Filter>Header Files</Filter>
    </ClInclude>
    <ClInclude Include="CNag.h">
      <Filter>Header Files</Filter>
    </ClInclude>
    <ClInclude Include="CNewFilesLocator.h">
      <Filter>Header Files</Filter>
    </ClInclude>
    <ClInclude Include="CNewFilesLocatorDlg.h">
      <Filter>Header Files</Filter>
    </ClInclude>
    <ClInclude Include="CNewFilesLocatorDoc.h">
      <Filter>Header Files</Filter>
    </ClInclude>
    <ClInclude Include="CNewFilesLocatorFrame.h">
      <Filter>Header Files</Filter>
    </ClInclude>
    <ClInclude Include="CNewFilesLocatorView.h">
      <Filter>Header Files</Filter>
    </ClInclude>
    <ClInclude Include="COptionsDialog.h">
      <Filter>Header Files</Filter>
    </ClInclude>
    <ClInclude Include="CProgressDialog.h">
      <Filter>Header Files</Filter>
    </ClInclude>
    <ClInclude Include="CRegisterDlg.h">
      <Filter>Header Files</Filter>
    </ClInclude>
    <ClInclude Include="CRoom.h">
      <Filter>Header Files</Filter>
    </ClInclude>
    <ClInclude Include="CRoomLabel.h">
      <Filter>Header Files</Filter>
    </ClInclude>
    <ClInclude Include="CRoomPropDialog.h">
      <Filter>Header Files</Filter>
    </ClInclude>
    <ClInclude Include="CRooms.h">
      <Filter>Header Files</Filter>
    </ClInclude>
    <ClInclude Include="CRoomsDoc.h">
      <Filter>Header Files</Filter>
    </ClInclude>
    <ClInclude Include="CRoomsFrame.h">
      <Filter>Header Files</Filter>
    </ClInclude>
    <ClInclude Include="CRoomsView.h">
      <Filter>Header Files</Filter>
    </ClInclude>
    <ClInclude Include="CTipDlg.h">
      <Filter>Header Files</Filter>
    </ClInclude>
    <ClInclude Include="CZipBundle.h">
      <Filter>Header Files</Filter>
    </ClInclude>
    <ClInclude Include="enums.h">
      <Filter>Header Files</Filter>
    </ClInclude>
    <ClInclude Include="fileCommand.h">
      <Filter>Header Files</Filter>
    </ClInclude>
    <ClInclude Include="fileStatus.h">
      <Filter>Header Files</Filter>
    </ClInclude>
    <ClInclude Include="LeftView.h">
      <Filter>Header Files</Filter>
    </ClInclude>
    <ClInclude Include="MainFrm.h">
      <Filter>Header Files</Filter>
    </ClInclude>
    <ClInclude Include="MArc2.h">
      <Filter>Header Files</Filter>
    </ClInclude>
    <ClInclude Include="Miscelaneous.h">
      <Filter>Header Files</Filter>
    </ClInclude>
    <ClInclude Include="MyCommon.h">
      <Filter>Header Files</Filter>
    </ClInclude>
    <ClInclude Include="roomCompressionMode.h">
      <Filter>Header Files</Filter>
    </ClInclude>
    <ClInclude Include="StdAfx.h">
      <Filter>Header Files</Filter>
    </ClInclude>
  </ItemGroup>
  <ItemGroup>
    <None Include="res\__dummy_.bmp">
      <Filter>Resource Files</Filter>
    </None>
    <None Include="res\bitmap1.bmp">
      <Filter>Resource Files</Filter>
    </None>
    <None Include="res\bmp00002.bmp">
      <Filter>Resource Files</Filter>
    </None>
    <None Include="res\Copies.bmp">
      <Filter>Resource Files</Filter>
    </None>
    <None Include="res\Copies.ico">
      <Filter>Resource Files</Filter>
    </None>
    <None Include="res\CopiesImageList.bmp">
      <Filter>Resource Files</Filter>
    </None>
    <None Include="res\darclogo.bmp">
      <Filter>Resource Files</Filter>
    </None>
    <None Include="hlp\Delete.bmp">
      <Filter>Resource Files</Filter>
    </None>
    <None Include="res\Excluded.bmp">
      <Filter>Resource Files</Filter>
    </None>
    <None Include="hlp\Extract.bmp">
      <Filter>Resource Files</Filter>
    </None>
    <None Include="res\FilesToA.bmp">
      <Filter>Resource Files</Filter>
    </None>
    <None Include="res\FToA_ima.bmp">
      <Filter>Resource Files</Filter>
    </None>
    <None Include="res\ico00001.ico">
      <Filter>Resource Files</Filter>
    </None>
    <None Include="res\ico00002.ico">
      <Filter>Resource Files</Filter>
    </None>
    <None Include="res\icon1.ico">
      <Filter>Resource Files</Filter>
    </None>
    <None Include="res\litebulb.bmp">
      <Filter>Resource Files</Filter>
    </None>
    <None Include="res\Locator.ico">
      <Filter>Resource Files</Filter>
    </None>
    <None Include="res\locatorExcl.bmp">
      <Filter>Resource Files</Filter>
    </None>
    <None Include="res\LocatorExcl.ico">
      <Filter>Resource Files</Filter>
    </None>
    <None Include="res\LocatoTB.bmp">
      <Filter>Resource Files</Filter>
    </None>
    <None Include="res\Log.ico">
      <Filter>Resource Files</Filter>
    </None>
    <None Include="res\main.ico">
      <Filter>Resource Files</Filter>
    </None>
    <None Include="res\mainfram.bmp">
      <Filter>Resource Files</Filter>
    </None>
    <None Include="res\MArc2.ico">
      <Filter>Resource Files</Filter>
    </None>
    <None Include="res\MArc2.rc2">
      <Filter>Resource Files</Filter>
    </None>
    <None Include="res\MArc2Doc.ico">
      <Filter>Resource Files</Filter>
    </None>
    <None Include="res\rooms_im.bmp">
      <Filter>Resource Files</Filter>
    </None>
    <None Include="res\RoomsTB.bmp">
      <Filter>Resource Files</Filter>
    </None>
    <None Include="res\tick.bmp">
      <Filter>Resource Files</Filter>
    </None>
    <None Include="res\Toolbar.bmp">
      <Filter>Resource Files</Filter>
    </None>
    <None Include="ReadMe.txt" />
  </ItemGroup>
  <ItemGroup>
    <CustomBuild Include="Resource.h">
      <Filter>Header Files</Filter>
    </CustomBuild>
  </ItemGroup>
</Project>