<?xml version="1.0" encoding="utf-8"?>
<Project ToolsVersion="4.0" xmlns="http://schemas.microsoft.com/developer/msbuild/2003">
  <ItemGroup>
    <Filter Include="Source Files">
      <UniqueIdentifier>{4FC737F1-C7A5-4376-A066-2A32D752A2FF}</UniqueIdentifier>
      <Extensions>cpp;c;cc;cxx;def;odl;idl;hpj;bat;asm;asmx</Extensions>
    </Filter>
    <Filter Include="Header Files">
      <UniqueIdentifier>{93995380-89BD-4b04-88EB-625FBE52EBFB}</UniqueIdentifier>
      <Extensions>h;hpp;hxx;hm;inl;inc;xsd</Extensions>
    </Filter>
    <Filter Include="Resource Files">
      <UniqueIdentifier>{67DA6AB6-F800-4c08-8B7A-83BB121AAD01}</UniqueIdentifier>
      <Extensions>rc;ico;cur;bmp;dlg;rc2;rct;bin;rgs;gif;jpg;jpeg;jpe;resx;tiff;tif;png;wav;mfcribbon-ms</Extensions>
    </Filter>
  </ItemGroup>
  <ItemGroup>
    <Text Include="ReadMe.txt" />
  </ItemGroup>
  <ItemGroup>
    <ClInclude Include="stdafx.h">
      <Filter>Header Files</Filter>
    </ClInclude>
    <ClInclude Include="targetver.h">
      <Filter>Header Files</Filter>
    </ClInclude>
    <ClInclude Include="CBundle.h">
      <Filter>Header Files</Filter>
    </ClInclude>
    <ClInclude Include="CBundles.h">
      <Filter>Header Files</Filter>
    </ClInclude>
    <ClInclude Include="CFileCompressor.h">
      <Filter>Header Files</Filter>
    </ClInclude>
    <ClInclude Include="CFileCopy.h">
      <Filter>Header Files</Filter>
    </ClInclude>
    <ClInclude Include="CFilesCopies.h">
      <Filter>Header Files</Filter>
    </ClInclude>
    <ClInclude Include="CFilesToArc.h">
      <Filter>Header Files</Filter>
    </ClInclude>
    <ClInclude Include="CFileToArc.h">
      <Filter>Header Files</Filter>
    </ClInclude>
    <ClInclude Include="CFoldersToArc.h">
      <Filter>Header Files</Filter>
    </ClInclude>
    <ClInclude Include="CFolderToArc.h">
      <Filter>Header Files</Filter>
    </ClInclude>
    <ClInclude Include="CLocatorFolder.h">
      <Filter>Header Files</Filter>
    </ClInclude>
    <ClInclude Include="CRoom.h">
      <Filter>Header Files</Filter>
    </ClInclude>
    <ClInclude Include="CRooms.h">
      <Filter>Header Files</Filter>
    </ClInclude>
    <ClInclude Include="CZipBundle.h">
      <Filter>Header Files</Filter>
    </ClInclude>
    <ClInclude Include="fileStatus.h">
      <Filter>Header Files</Filter>
    </ClInclude>
    <ClInclude Include="MyCommon.h">
      <Filter>Header Files</Filter>
    </ClInclude>
    <ClInclude Include="CMyArchive.h">
      <Filter>Header Files</Filter>
    </ClInclude>
    <ClInclude Include="enums.h">
      <Filter>Header Files</Filter>
    </ClInclude>
    <ClInclude Include="CLogFile.h">
      <Filter>Header Files</Filter>
    </ClInclude>
    <ClInclude Include="CArchiveDB.h">
      <Filter>Header Files</Filter>
    </ClInclude>
    <ClInclude Include="Miscelaneous.h">
      <Filter>Header Files</Filter>
    </ClInclude>
    <ClInclude Include="CRoomLabel.h">
      <Filter>Header Files</Filter>
    </ClInclude>
    <ClInclude Include="IProgressCtrl.h">
      <Filter>Header Files</Filter>
    </ClInclude>
    <ClInclude Include="IProgressIndicator.h">
      <Filter>Header Files</Filter>
    </ClInclude>
    <ClInclude Include="IInsertDisk.h">
      <Filter>Header Files</Filter>
    </ClInclude>
    <ClInclude Include="IFilesLocator.h">
      <Filter>Header Files</Filter>
    </ClInclude>
    <ClInclude Include="ADO_database.h">
      <Filter>Header Files</Filter>
    </ClInclude>
  </ItemGroup>
  <ItemGroup>
    <ClCompile Include="stdafx.cpp">
      <Filter>Source Files</Filter>
    </ClCompile>
    <ClCompile Include="CBundle.cpp">
      <Filter>Source Files</Filter>
    </ClCompile>
    <ClCompile Include="CBundles.cpp">
      <Filter>Source Files</Filter>
    </ClCompile>
    <ClCompile Include="CFileCompressor.cpp">
      <Filter>Source Files</Filter>
    </ClCompile>
    <ClCompile Include="CFileCopy.cpp">
      <Filter>Source Files</Filter>
    </ClCompile>
    <ClCompile Include="CFilesCopies.cpp">
      <Filter>Source Files</Filter>
    </ClCompile>
    <ClCompile Include="CFilesToArc.cpp">
      <Filter>Source Files</Filter>
    </ClCompile>
    <ClCompile Include="CFileToArc.cpp">
      <Filter>Source Files</Filter>
    </ClCompile>
    <ClCompile Include="CFoldersToArc.cpp">
      <Filter>Source Files</Filter>
    </ClCompile>
    <ClCompile Include="CFolderToArc.cpp">
      <Filter>Source Files</Filter>
    </ClCompile>
    <ClCompile Include="CLocatorFolder.cpp">
      <Filter>Source Files</Filter>
    </ClCompile>
    <ClCompile Include="CRoom.cpp">
      <Filter>Source Files</Filter>
    </ClCompile>
    <ClCompile Include="CRooms.cpp">
      <Filter>Source Files</Filter>
    </ClCompile>
    <ClCompile Include="CZipBundle.cpp">
      <Filter>Source Files</Filter>
    </ClCompile>
    <ClCompile Include="CMyArchive.cpp">
      <Filter>Source Files</Filter>
    </ClCompile>
    <ClCompile Include="CLogFile.cpp">
      <Filter>Source Files</Filter>
    </ClCompile>
    <ClCompile Include="CArchiveDB.cpp">
      <Filter>Source Files</Filter>
    </ClCompile>
    <ClCompile Include="Miscelaneous.cpp">
      <Filter>Source Files</Filter>
    </ClCompile>
    <ClCompile Include="CRoomLabel.cpp">
      <Filter>Source Files</Filter>
    </ClCompile>
    <ClCompile Include="ADO_database.cpp">
      <Filter>Source Files</Filter>
    </ClCompile>
  </ItemGroup>
  <ItemGroup>
    <None Include="MArcCore.cd" />
  </ItemGroup>
</Project>